<Solution>
  <Project Path="BibliotecaClases/BibliotecaClases.csproj" Id="c6f7bce6-6bfe-4a9f-932b-1571932966e4" />
  <Project Path="Cliente_Triangulo/Cliente_Triangulo.csproj" Id="8bec009c-f601-4d16-8967-664dab07c9de" />
  <Project Path="Ejercicio 29/Ejercicio 29.csproj" Id="e00942fd-c3c8-45c2-a810-89c0f36214ab" />
  <Project Path="Ejercicio26/Ejercicio26.csproj" Id="36a34e1f-53ea-445b-a3c0-f7cf38244a5a" />
  <Project Path="Ejercicio27/Ejercicio27.csproj" Id="6a94bb71-5c6f-4fc3-8102-c6f9d480f296" />
  <Project Path="Ejercicio30/Ejercicio30.csproj" Id="09b55fd3-dbfe-4a7e-8b9a-ed73124226ae" />
  <Project Path="Ejercicio_2/Ejercicio_2.csproj" Id="12be8cbb-bafa-41f5-bab2-d1a768f04d56" />
  <Project Path="Ejercicio_Repaso_1/Ejercicio_Repaso_1.csproj" Id="121dcab1-c4ec-4a88-bd73-906587907a38" />
  <Project Path="FigurasGeometricasBiclioteca/FigurasGeometricasBiclioteca.csproj" Id="437a6102-cee8-4f65-8296-b38eb5253a60" />
  <Project Path="MatricesRepaso/MatricesRepaso.csproj" Id="15a5fa8a-cb8a-4ced-958a-ec8121b94a3c" />
  <Project Path="SimuladorBancarioRepaso/SimuladorBancarioRepaso.csproj" Id="88f83288-4d6d-433d-bd70-47196c1b54e5" />
  <Project Path="VectorPrimoRepaso/VectorPrimoRepaso.csproj" Id="fc8b982e-a4ad-42fb-9b2e-c91413aa79c0" />
</Solution>
